
Microsoft Visual Studio Solution File, Format Version 12.00
# Visual Studio Version 17
VisualStudioVersion = 17.14.36221.1 d17.14
MinimumVisualStudioVersion = 10.0.40219.1
Project("{FAE04EC0-301F-11D3-BF4B-00C04F79EFBC}") = "Hotel Mangment system", "Hotel Mangment system\Hotel Mangment system.csproj", "{30D78E56-174A-48A5-B094-71528DE443A0}"
EndProject
Global
	GlobalSection(SolutionConfigurationPlatforms) = preSolution
		Debug|Any CPU = Debug|Any CPU
		Release|Any CPU = Release|Any CPU
	EndGlobalSection
	GlobalSection(ProjectConfigurationPlatforms) = postSolution
		{30D78E56-174A-48A5-B094-71528DE443A0}.Debug|Any CPU.ActiveCfg = Debug|Any CPU
		{30D78E56-174A-48A5-B094-71528DE443A0}.Debug|Any CPU.Build.0 = Debug|Any CPU
		{30D78E56-174A-48A5-B094-71528DE443A0}.Release|Any CPU.ActiveCfg = Release|Any CPU
		{30D78E56-174A-48A5-B094-71528DE443A0}.Release|Any CPU.Build.0 = Release|Any CPU
	EndGlobalSection
	GlobalSection(SolutionProperties) = preSolution
		HideSolutionNode = FALSE
	EndGlobalSection
	GlobalSection(ExtensibilityGlobals) = postSolution
		SolutionGuid = {3ED2C28E-5FB3-4B47-972B-B8454BA1F2DE}
	EndGlobalSection
EndGlobal
